<?xml version="1.0" encoding="utf-8"?>
<Project ToolsVersion="16.0" xmlns="http://schemas.microsoft.com/developer/msbuild/2003">
  <ItemGroup>
    <ClCompile Include="D:\BattolCity\BattolCity\исходник\main.cpp">
      <Filter>Source Files</Filter>
    </ClCompile>
    <ClCompile Include="D:\BattolCity\BattolCity\исходник\Рендор\ШейдернаяПрограмма.cpp">
      <Filter>Source Files</Filter>
    </ClCompile>
    <ClCompile Include="D:\BattolCity\BattolCity\исходник\Рендор\Текстуры2D.cpp">
      <Filter>Source Files</Filter>
    </ClCompile>
    <ClCompile Include="D:\BattolCity\BattolCity\исходник\Рендор\Спрайт.cpp">
      <Filter>Source Files</Filter>
    </ClCompile>
    <ClCompile Include="D:\BattolCity\BattolCity\исходник\Рендор\ВекторБуффер.cpp">
      <Filter>Source Files</Filter>
    </ClCompile>
    <ClCompile Include="D:\BattolCity\BattolCity\исходник\Рендор\ИндексБуффер.cpp">
      <Filter>Source Files</Filter>
    </ClCompile>
    <ClCompile Include="D:\BattolCity\BattolCity\исходник\Рендор\ВекторМножество.cpp">
      <Filter>Source Files</Filter>
    </ClCompile>
    <ClCompile Include="D:\BattolCity\BattolCity\исходник\Рендор\РасположениеВекторБуфера.cpp">
      <Filter>Source Files</Filter>
    </ClCompile>
    <ClCompile Include="D:\BattolCity\BattolCity\исходник\Рендор\АнимацияСпрайт.cpp">
      <Filter>Source Files</Filter>
    </ClCompile>
    <ClCompile Include="D:\BattolCity\BattolCity\исходник\Ресерсы\РесурсныйМенеджер.cpp">
      <Filter>Source Files</Filter>
    </ClCompile>
    <ClCompile Include="D:\BattolCity\BattolCity\исходник\Игра\Игра.cpp">
      <Filter>Source Files</Filter>
    </ClCompile>
    <ClCompile Include="D:\BattolCity\BattolCity\исходник\Игра\Танк.cpp">
      <Filter>Source Files</Filter>
    </ClCompile>
  </ItemGroup>
  <ItemGroup>
    <ClInclude Include="D:\BattolCity\BattolCity\исходник\Рендор\ШейдернаяПрограмма.h">
      <Filter>Header Files</Filter>
    </ClInclude>
    <ClInclude Include="D:\BattolCity\BattolCity\исходник\Рендор\Текстуры2D.h">
      <Filter>Header Files</Filter>
    </ClInclude>
    <ClInclude Include="D:\BattolCity\BattolCity\исходник\Рендор\Спрайт.h">
      <Filter>Header Files</Filter>
    </ClInclude>
    <ClInclude Include="D:\BattolCity\BattolCity\исходник\Рендор\ВекторБуффер.h">
      <Filter>Header Files</Filter>
    </ClInclude>
    <ClInclude Include="D:\BattolCity\BattolCity\исходник\Рендор\ИндексБуффер.h">
      <Filter>Header Files</Filter>
    </ClInclude>
    <ClInclude Include="D:\BattolCity\BattolCity\исходник\Рендор\ВекторМножество.h">
      <Filter>Header Files</Filter>
    </ClInclude>
    <ClInclude Include="..\исходник\Рендор\РасположениеВекторБуфера.h">
      <Filter>Header Files</Filter>
    </ClInclude>
    <ClInclude Include="D:\BattolCity\BattolCity\исходник\Рендор\АнимацияСпрайт.h">
      <Filter>Header Files</Filter>
    </ClInclude>
    <ClInclude Include="D:\BattolCity\BattolCity\исходник\Ресерсы\РесурсныйМенеджер.h">
      <Filter>Header Files</Filter>
    </ClInclude>
    <ClInclude Include="D:\BattolCity\BattolCity\исходник\Ресерсы\stb_image.h">
      <Filter>Header Files</Filter>
    </ClInclude>
    <ClInclude Include="D:\BattolCity\BattolCity\исходник\Игра\Игра.h">
      <Filter>Header Files</Filter>
    </ClInclude>
    <ClInclude Include="D:\BattolCity\BattolCity\исходник\Игра\Танк.h">
      <Filter>Header Files</Filter>
    </ClInclude>
  </ItemGroup>
  <ItemGroup>
    <CustomBuild Include="D:\BattolCity\BattolCity\CMakeLists.txt" />
  </ItemGroup>
  <ItemGroup>
    <Filter Include="Header Files">
      <UniqueIdentifier>{7CFC9917-3FEE-3B8C-9B38-B14B90B475B4}</UniqueIdentifier>
    </Filter>
    <Filter Include="Source Files">
      <UniqueIdentifier>{1384F0FE-E979-3270-84E4-F2A17C6354E2}</UniqueIdentifier>
    </Filter>
  </ItemGroup>
</Project>