<?xml version="1.0" encoding="utf-8"?>
<Project ToolsVersion="16.0" xmlns="http://schemas.microsoft.com/developer/msbuild/2003">
  <ItemGroup>
    <CustomBuild Include="D:\BattolCity\BattolCity\строить\CMakeFiles\d82cb0c76689dd0523ebd79a5279d97c\generate.stamp.rule">
      <Filter>CMake Rules</Filter>
    </CustomBuild>
  </ItemGroup>
  <ItemGroup>
    <Filter Include="CMake Rules">
      <UniqueIdentifier>{518F6B47-9BE0-3A2A-8F91-27A57C55CBE0}</UniqueIdentifier>
    </Filter>
  </ItemGroup>
</Project>
